
Microsoft Visual Studio Solution File, Format Version 12.00
Project("{FAE04EC0-301F-11D3-BF4B-00C04F79EFBC}") = "Firework.Abstraction", "Firework.Abstraction\Firework.Abstraction.csproj", "{1947E0ED-D211-4BB5-B4CC-EE9EB19A30B0}"
EndProject
Project("{FAE04EC0-301F-11D3-BF4B-00C04F79EFBC}") = "Firework.Core", "Firework.Core\Firework.Core.csproj", "{92CE5D68-C7BD-447B-8635-A0A131BDB2A6}"
EndProject
Project("{FAE04EC0-301F-11D3-BF4B-00C04F79EFBC}") = "Firework.Core.Test", "Firework.Core.Test\Firework.Core.Test.csproj", "{0E54C49E-F636-471D-BA50-76667944FFB3}"
EndProject
Project("{FAE04EC0-301F-11D3-BF4B-00C04F79EFBC}") = "Firework.Desktop", "Firework.Desktop\Firework.Desktop.csproj", "{2A9B3478-ADE5-4F34-913E-05B1DFEB25D4}"
EndProject
Project("{FAE04EC0-301F-11D3-BF4B-00C04F79EFBC}") = "Firework.Dto", "Firework.Dto\Firework.Dto.csproj", "{39074B0E-31E9-44BA-AB31-BB66891886C1}"
EndProject
Project("{FAE04EC0-301F-11D3-BF4B-00C04F79EFBC}") = "Firework.Models", "Firework.Models\Firework.Models.csproj", "{C087B329-F2B1-41A6-966A-29CB37B21764}"
EndProject
Project("{2150E333-8FDC-42A3-9474-1A3956D46DE8}") = "Models", "Models", "{7A80C36A-5DFD-4E52-ABA4-E72FB9585DDF}"
EndProject
Project("{2150E333-8FDC-42A3-9474-1A3956D46DE8}") = "Tests", "Tests", "{EB1E06F1-DDD5-4DFE-9091-A2A0E9BA66CC}"
EndProject
Global
	GlobalSection(SolutionConfigurationPlatforms) = preSolution
		Debug|Any CPU = Debug|Any CPU
		Release|Any CPU = Release|Any CPU
	EndGlobalSection
	GlobalSection(ProjectConfigurationPlatforms) = postSolution
		{1947E0ED-D211-4BB5-B4CC-EE9EB19A30B0}.Debug|Any CPU.ActiveCfg = Debug|Any CPU
		{1947E0ED-D211-4BB5-B4CC-EE9EB19A30B0}.Debug|Any CPU.Build.0 = Debug|Any CPU
		{1947E0ED-D211-4BB5-B4CC-EE9EB19A30B0}.Release|Any CPU.ActiveCfg = Release|Any CPU
		{1947E0ED-D211-4BB5-B4CC-EE9EB19A30B0}.Release|Any CPU.Build.0 = Release|Any CPU
		{92CE5D68-C7BD-447B-8635-A0A131BDB2A6}.Debug|Any CPU.ActiveCfg = Debug|Any CPU
		{92CE5D68-C7BD-447B-8635-A0A131BDB2A6}.Debug|Any CPU.Build.0 = Debug|Any CPU
		{92CE5D68-C7BD-447B-8635-A0A131BDB2A6}.Release|Any CPU.ActiveCfg = Release|Any CPU
		{92CE5D68-C7BD-447B-8635-A0A131BDB2A6}.Release|Any CPU.Build.0 = Release|Any CPU
		{0E54C49E-F636-471D-BA50-76667944FFB3}.Debug|Any CPU.ActiveCfg = Debug|Any CPU
		{0E54C49E-F636-471D-BA50-76667944FFB3}.Debug|Any CPU.Build.0 = Debug|Any CPU
		{0E54C49E-F636-471D-BA50-76667944FFB3}.Release|Any CPU.ActiveCfg = Release|Any CPU
		{0E54C49E-F636-471D-BA50-76667944FFB3}.Release|Any CPU.Build.0 = Release|Any CPU
		{2A9B3478-ADE5-4F34-913E-05B1DFEB25D4}.Debug|Any CPU.ActiveCfg = Debug|Any CPU
		{2A9B3478-ADE5-4F34-913E-05B1DFEB25D4}.Debug|Any CPU.Build.0 = Debug|Any CPU
		{2A9B3478-ADE5-4F34-913E-05B1DFEB25D4}.Release|Any CPU.ActiveCfg = Release|Any CPU
		{2A9B3478-ADE5-4F34-913E-05B1DFEB25D4}.Release|Any CPU.Build.0 = Release|Any CPU
		{39074B0E-31E9-44BA-AB31-BB66891886C1}.Debug|Any CPU.ActiveCfg = Debug|Any CPU
		{39074B0E-31E9-44BA-AB31-BB66891886C1}.Debug|Any CPU.Build.0 = Debug|Any CPU
		{39074B0E-31E9-44BA-AB31-BB66891886C1}.Release|Any CPU.ActiveCfg = Release|Any CPU
		{39074B0E-31E9-44BA-AB31-BB66891886C1}.Release|Any CPU.Build.0 = Release|Any CPU
		{C087B329-F2B1-41A6-966A-29CB37B21764}.Debug|Any CPU.ActiveCfg = Debug|Any CPU
		{C087B329-F2B1-41A6-966A-29CB37B21764}.Debug|Any CPU.Build.0 = Debug|Any CPU
		{C087B329-F2B1-41A6-966A-29CB37B21764}.Release|Any CPU.ActiveCfg = Release|Any CPU
		{C087B329-F2B1-41A6-966A-29CB37B21764}.Release|Any CPU.Build.0 = Release|Any CPU
	EndGlobalSection
	GlobalSection(NestedProjects) = preSolution
		{39074B0E-31E9-44BA-AB31-BB66891886C1} = {7A80C36A-5DFD-4E52-ABA4-E72FB9585DDF}
		{C087B329-F2B1-41A6-966A-29CB37B21764} = {7A80C36A-5DFD-4E52-ABA4-E72FB9585DDF}
		{0E54C49E-F636-471D-BA50-76667944FFB3} = {EB1E06F1-DDD5-4DFE-9091-A2A0E9BA66CC}
	EndGlobalSection
EndGlobal
